
Microsoft Visual Studio Solution File, Format Version 12.00
# Visual Studio 15
VisualStudioVersion = 15.0.27130.0
MinimumVisualStudioVersion = 10.0.40219.1
Project("{FAE04EC0-301F-11D3-BF4B-00C04F79EFBC}") = "PP_AspNetCars", "PP_AspNetCars\PP_AspNetCars.csproj", "{0976FC7F-96AC-4994-B93F-4E02694A6976}"
EndProject
Global
	GlobalSection(SolutionConfigurationPlatforms) = preSolution
		Debug|Any CPU = Debug|Any CPU
		Release|Any CPU = Release|Any CPU
	EndGlobalSection
	GlobalSection(ProjectConfigurationPlatforms) = postSolution
		{0976FC7F-96AC-4994-B93F-4E02694A6976}.Debug|Any CPU.ActiveCfg = Debug|Any CPU
		{0976FC7F-96AC-4994-B93F-4E02694A6976}.Debug|Any CPU.Build.0 = Debug|Any CPU
		{0976FC7F-96AC-4994-B93F-4E02694A6976}.Release|Any CPU.ActiveCfg = Release|Any CPU
		{0976FC7F-96AC-4994-B93F-4E02694A6976}.Release|Any CPU.Build.0 = Release|Any CPU
	EndGlobalSection
	GlobalSection(SolutionProperties) = preSolution
		HideSolutionNode = FALSE
	EndGlobalSection
	GlobalSection(ExtensibilityGlobals) = postSolution
		SolutionGuid = {44041B24-1805-45D0-866F-E409E72315E3}
	EndGlobalSection
EndGlobal
